
Microsoft Visual Studio Solution File, Format Version 12.00
# Visual Studio 15
VisualStudioVersion = 15.0.27130.2026
MinimumVisualStudioVersion = 10.0.40219.1
Project("{FAE04EC0-301F-11D3-BF4B-00C04F79EFBC}") = "SyncLib", "SyncLib\SyncLib.csproj", "{29949A64-BAE0-4DB6-87B3-29BACF789A0D}"
EndProject
Project("{FAE04EC0-301F-11D3-BF4B-00C04F79EFBC}") = "Test", "Test\Test.csproj", "{A1640E7B-D93B-4B12-8D60-4AF92A91F3F8}"
EndProject
Global
	GlobalSection(SolutionConfigurationPlatforms) = preSolution
		Debug|Any CPU = Debug|Any CPU
		Release|Any CPU = Release|Any CPU
	EndGlobalSection
	GlobalSection(ProjectConfigurationPlatforms) = postSolution
		{29949A64-BAE0-4DB6-87B3-29BACF789A0D}.Debug|Any CPU.ActiveCfg = Debug|Any CPU
		{29949A64-BAE0-4DB6-87B3-29BACF789A0D}.Debug|Any CPU.Build.0 = Debug|Any CPU
		{29949A64-BAE0-4DB6-87B3-29BACF789A0D}.Release|Any CPU.ActiveCfg = Release|Any CPU
		{29949A64-BAE0-4DB6-87B3-29BACF789A0D}.Release|Any CPU.Build.0 = Release|Any CPU
		{A1640E7B-D93B-4B12-8D60-4AF92A91F3F8}.Debug|Any CPU.ActiveCfg = Debug|Any CPU
		{A1640E7B-D93B-4B12-8D60-4AF92A91F3F8}.Debug|Any CPU.Build.0 = Debug|Any CPU
		{A1640E7B-D93B-4B12-8D60-4AF92A91F3F8}.Release|Any CPU.ActiveCfg = Release|Any CPU
		{A1640E7B-D93B-4B12-8D60-4AF92A91F3F8}.Release|Any CPU.Build.0 = Release|Any CPU
	EndGlobalSection
	GlobalSection(SolutionProperties) = preSolution
		HideSolutionNode = FALSE
	EndGlobalSection
	GlobalSection(ExtensibilityGlobals) = postSolution
		SolutionGuid = {730D6244-3B98-4D4D-854C-F9C3421E04DC}
	EndGlobalSection
EndGlobal
